// !$*UTF8*$!
{
	archiveVersion = 1;
	classes = {
	};
	objectVersion = 50;
	objects = {

/* Begin PBXBuildFile section */
		56DB089E21381A67005C0578 /* AppDelegate.swift in Sources */ = {isa = PBXBuildFile; fileRef = 56DB089D21381A67005C0578 /* AppDelegate.swift */; };
		56DB08A021381A67005C0578 /* ViewController.swift in Sources */ = {isa = PBXBuildFile; fileRef = 56DB089F21381A67005C0578 /* ViewController.swift */; };
		56DB08A321381A67005C0578 /* Main.storyboard in Resources */ = {isa = PBXBuildFile; fileRef = 56DB08A121381A67005C0578 /* Main.storyboard */; };
		56DB08A521381A6E005C0578 /* Assets.xcassets in Resources */ = {isa = PBXBuildFile; fileRef = 56DB08A421381A6E005C0578 /* Assets.xcassets */; };
		56DB08A821381A6E005C0578 /* LaunchScreen.storyboard in Resources */ = {isa = PBXBuildFile; fileRef = 56DB08A621381A6E005C0578 /* LaunchScreen.storyboard */; };
		56DB08B321381A6E005C0578 /* GitHubAppTests.swift in Sources */ = {isa = PBXBuildFile; fileRef = 56DB08B221381A6E005C0578 /* GitHubAppTests.swift */; };
		56DB08BE21381A6E005C0578 /* GitHubAppUITests.swift in Sources */ = {isa = PBXBuildFile; fileRef = 56DB08BD21381A6E005C0578 /* GitHubAppUITests.swift */; };
/* End PBXBuildFile section */

/* Begin PBXContainerItemProxy section */
		56DB08AF21381A6E005C0578 /* PBXContainerItemProxy */ = {
			isa = PBXContainerItemProxy;
			containerPortal = 56DB089221381A67005C0578 /* Project object */;
			proxyType = 1;
			remoteGlobalIDString = 56DB089921381A67005C0578;
			remoteInfo = GitHubApp;
		};
		56DB08BA21381A6E005C0578 /* PBXContainerItemProxy */ = {
			isa = PBXContainerItemProxy;
			containerPortal = 56DB089221381A67005C0578 /* Project object */;
			proxyType = 1;
			remoteGlobalIDString = 56DB089921381A67005C0578;
			remoteInfo = GitHubApp;
		};
/* End PBXContainerItemProxy section */

/* Begin PBXFileReference section */
		56DB089A21381A67005C0578 /* GitHubApp.app */ = {isa = PBXFileReference; explicitFileType = wrapper.application; includeInIndex = 0; path = GitHubApp.app; sourceTree = BUILT_PRODUCTS_DIR; };
		56DB089D21381A67005C0578 /* AppDelegate.swift */ = {isa = PBXFileReference; lastKnownFileType = sourcecode.swift; path = AppDelegate.swift; sourceTree = "<group>"; };
		56DB089F21381A67005C0578 /* ViewController.swift */ = {isa = PBXFileReference; lastKnownFileType = sourcecode.swift; path = ViewController.swift; sourceTree = "<group>"; };
		56DB08A221381A67005C0578 /* Base */ = {isa = PBXFileReference; lastKnownFileType = file.storyboard; name = Base; path = Base.lproj/Main.storyboard; sourceTree = "<group>"; };
		56DB08A421381A6E005C0578 /* Assets.xcassets */ = {isa = PBXFileReference; lastKnownFileType = folder.assetcatalog; path = Assets.xcassets; sourceTree = "<group>"; };
		56DB08A721381A6E005C0578 /* Base */ = {isa = PBXFileReference; lastKnownFileType = file.storyboard; name = Base; path = Base.lproj/LaunchScreen.storyboard; sourceTree = "<group>"; };
		56DB08A921381A6E005C0578 /* Info.plist */ = {isa = PBXFileReference; lastKnownFileType = text.plist.xml; path = Info.plist; sourceTree = "<group>"; };
		56DB08AE21381A6E005C0578 /* GitHubAppTests.xctest */ = {isa = PBXFileReference; explicitFileType = wrapper.cfbundle; includeInIndex = 0; path = GitHubAppTests.xctest; sourceTree = BUILT_PRODUCTS_DIR; };
		56DB08B221381A6E005C0578 /* GitHubAppTests.swift */ = {isa = PBXFileReference; lastKnownFileType = sourcecode.swift; path = GitHubAppTests.swift; sourceTree = "<group>"; };
		56DB08B421381A6E005C0578 /* Info.plist */ = {isa = PBXFileReference; lastKnownFileType = text.plist.xml; path = Info.plist; sourceTree = "<group>"; };
		56DB08B921381A6E005C0578 /* GitHubAppUITests.xctest */ = {isa = PBXFileReference; explicitFileType = wrapper.cfbundle; includeInIndex = 0; path = GitHubAppUITests.xctest; sourceTree = BUILT_PRODUCTS_DIR; };
		56DB08BD21381A6E005C0578 /* GitHubAppUITests.swift */ = {isa = PBXFileReference; lastKnownFileType = sourcecode.swift; path = GitHubAppUITests.swift; sourceTree = "<group>"; };
		56DB08BF21381A6E005C0578 /* Info.plist */ = {isa = PBXFileReference; lastKnownFileType = text.plist.xml; path = Info.plist; sourceTree = "<group>"; };
/* End PBXFileReference section */

/* Begin PBXFrameworksBuildPhase section */
		56DB089721381A67005C0578 /* Frameworks */ = {
			isa = PBXFrameworksBuildPhase;
			buildActionMask = 2147483647;
			files = (
			);
			runOnlyForDeploymentPostprocessing = 0;
		};
		56DB08AB21381A6E005C0578 /* Frameworks */ = {
			isa = PBXFrameworksBuildPhase;
			buildActionMask = 2147483647;
			files = (
			);
			runOnlyForDeploymentPostprocessing = 0;
		};
		56DB08B621381A6E005C0578 /* Frameworks */ = {
			isa = PBXFrameworksBuildPhase;
			buildActionMask = 2147483647;
			files = (
			);
			runOnlyForDeploymentPostprocessing = 0;
		};
/* End PBXFrameworksBuildPhase section */

/* Begin PBXGroup section */
		56DB089121381A67005C0578 = {
			isa = PBXGroup;
			children = (
				56DB089C21381A67005C0578 /* GitHubApp */,
				56DB08B121381A6E005C0578 /* GitHubAppTests */,
				56DB08BC21381A6E005C0578 /* GitHubAppUITests */,
				56DB089B21381A67005C0578 /* Products */,
			);
			sourceTree = "<group>";
		};
		56DB089B21381A67005C0578 /* Products */ = {
			isa = PBXGroup;
			children = (
				56DB089A21381A67005C0578 /* GitHubApp.app */,
				56DB08AE21381A6E005C0578 /* GitHubAppTests.xctest */,
				56DB08B921381A6E005C0578 /* GitHubAppUITests.xctest */,
			);
			name = Products;
			sourceTree = "<group>";
		};
		56DB089C21381A67005C0578 /* GitHubApp */ = {
			isa = PBXGroup;
			children = (
				56DB089D21381A67005C0578 /* AppDelegate.swift */,
				56DB089F21381A67005C0578 /* ViewController.swift */,
				56DB08A121381A67005C0578 /* Main.storyboard */,
				56DB08A421381A6E005C0578 /* Assets.xcassets */,
				56DB08A621381A6E005C0578 /* LaunchScreen.storyboard */,
				56DB08A921381A6E005C0578 /* Info.plist */,
			);
			path = GitHubApp;
			sourceTree = "<group>";
		};
		56DB08B121381A6E005C0578 /* GitHubAppTests */ = {
			isa = PBXGroup;
			children = (
				56DB08B221381A6E005C0578 /* GitHubAppTests.swift */,
				56DB08B421381A6E005C0578 /* Info.plist */,
			);
			path = GitHubAppTests;
			sourceTree = "<group>";
		};
		56DB08BC21381A6E005C0578 /* GitHubAppUITests */ = {
			isa = PBXGroup;
			children = (
				56DB08BD21381A6E005C0578 /* GitHubAppUITests.swift */,
				56DB08BF21381A6E005C0578 /* Info.plist */,
			);
			path = GitHubAppUITests;
			sourceTree = "<group>";
		};
/* End PBXGroup section */

/* Begin PBXNativeTarget section */
		56DB089921381A67005C0578 /* GitHubApp */ = {
			isa = PBXNativeTarget;
			buildConfigurationList = 56DB08C221381A6E005C0578 /* Build configuration list for PBXNativeTarget "GitHubApp" */;
			buildPhases = (
				56DB089621381A67005C0578 /* Sources */,
				56DB089721381A67005C0578 /* Frameworks */,
				56DB089821381A67005C0578 /* Resources */,
			);
			buildRules = (
			);
			dependencies = (
			);
			name = GitHubApp;
			productName = GitHubApp;
			productReference = 56DB089A21381A67005C0578 /* GitHubApp.app */;
			productType = "com.apple.product-type.application";
		};
		56DB08AD21381A6E005C0578 /* GitHubAppTests */ = {
			isa = PBXNativeTarget;
			buildConfigurationList = 56DB08C521381A6E005C0578 /* Build configuration list for PBXNativeTarget "GitHubAppTests" */;
			buildPhases = (
				56DB08AA21381A6E005C0578 /* Sources */,
				56DB08AB21381A6E005C0578 /* Frameworks */,
				56DB08AC21381A6E005C0578 /* Resources */,
			);
			buildRules = (
			);
			dependencies = (
				56DB08B021381A6E005C0578 /* PBXTargetDependency */,
			);
			name = GitHubAppTests;
			productName = GitHubAppTests;
			productReference = 56DB08AE21381A6E005C0578 /* GitHubAppTests.xctest */;
			productType = "com.apple.product-type.bundle.unit-test";
		};
		56DB08B821381A6E005C0578 /* GitHubAppUITests */ = {
			isa = PBXNativeTarget;
			buildConfigurationList = 56DB08C821381A6E005C0578 /* Build configuration list for PBXNativeTarget "GitHubAppUITests" */;
			buildPhases = (
				56DB08B521381A6E005C0578 /* Sources */,
				56DB08B621381A6E005C0578 /* Frameworks */,
				56DB08B721381A6E005C0578 /* Resources */,
			);
			buildRules = (
			);
			dependencies = (
				56DB08BB21381A6E005C0578 /* PBXTargetDependency */,
			);
			name = GitHubAppUITests;
			productName = GitHubAppUITests;
			productReference = 56DB08B921381A6E005C0578 /* GitHubAppUITests.xctest */;
			productType = "com.apple.product-type.bundle.ui-testing";
		};
/* End PBXNativeTarget section */

/* Begin PBXProject section */
		56DB089221381A67005C0578 /* Project object */ = {
			isa = PBXProject;
			attributes = {
				LastSwiftUpdateCheck = 0940;
				LastUpgradeCheck = 0940;
				ORGANIZATIONNAME = Twins;
				TargetAttributes = {
					56DB089921381A67005C0578 = {
						CreatedOnToolsVersion = 9.4.1;
					};
					56DB08AD21381A6E005C0578 = {
						CreatedOnToolsVersion = 9.4.1;
						TestTargetID = 56DB089921381A67005C0578;
					};
					56DB08B821381A6E005C0578 = {
						CreatedOnToolsVersion = 9.4.1;
						TestTargetID = 56DB089921381A67005C0578;
					};
				};
			};
			buildConfigurationList = 56DB089521381A67005C0578 /* Build configuration list for PBXProject "GitHubApp" */;
			compatibilityVersion = "Xcode 9.3";
			developmentRegion = en;
			hasScannedForEncodings = 0;
			knownRegions = (
				en,
				Base,
			);
			mainGroup = 56DB089121381A67005C0578;
			productRefGroup = 56DB089B21381A67005C0578 /* Products */;
			projectDirPath = "";
			projectRoot = "";
			targets = (
				56DB089921381A67005C0578 /* GitHubApp */,
				56DB08AD21381A6E005C0578 /* GitHubAppTests */,
				56DB08B821381A6E005C0578 /* GitHubAppUITests */,
			);
		};
/* End PBXProject section */

/* Begin PBXResourcesBuildPhase section */
		56DB089821381A67005C0578 /* Resources */ = {
			isa = PBXResourcesBuildPhase;
			buildActionMask = 2147483647;
			files = (
				56DB08A821381A6E005C0578 /* LaunchScreen.storyboard in Resources */,
				56DB08A521381A6E005C0578 /* Assets.xcassets in Resources */,
				56DB08A321381A67005C0578 /* Main.storyboard in Resources */,
			);
			runOnlyForDeploymentPostprocessing = 0;
		};
		56DB08AC21381A6E005C0578 /* Resources */ = {
			isa = PBXResourcesBuildPhase;
			buildActionMask = 2147483647;
			files = (
			);
			runOnlyForDeploymentPostprocessing = 0;
		};
		56DB08B721381A6E005C0578 /* Resources */ = {
			isa = PBXResourcesBuildPhase;
			buildActionMask = 2147483647;
			files = (
			);
			runOnlyForDeploymentPostprocessing = 0;
		};
/* End PBXResourcesBuildPhase section */

/* Begin PBXSourcesBuildPhase section */
		56DB089621381A67005C0578 /* Sources */ = {
			isa = PBXSourcesBuildPhase;
			buildActionMask = 2147483647;
			files = (
				56DB08A021381A67005C0578 /* ViewController.swift in Sources */,
				56DB089E21381A67005C0578 /* AppDelegate.swift in Sources */,
			);
			runOnlyForDeploymentPostprocessing = 0;
		};
		56DB08AA21381A6E005C0578 /* Sources */ = {
			isa = PBXSourcesBuildPhase;
			buildActionMask = 2147483647;
			files = (
				56DB08B321381A6E005C0578 /* GitHubAppTests.swift in Sources */,
			);
			runOnlyForDeploymentPostprocessing = 0;
		};
		56DB08B521381A6E005C0578 /* Sources */ = {
			isa = PBXSourcesBuildPhase;
			buildActionMask = 2147483647;
			files = (
				56DB08BE21381A6E005C0578 /* GitHubAppUITests.swift in Sources */,
			);
			runOnlyForDeploymentPostprocessing = 0;
		};
/* End PBXSourcesBuildPhase section */

/* Begin PBXTargetDependency section */
		56DB08B021381A6E005C0578 /* PBXTargetDependency */ = {
			isa = PBXTargetDependency;
			target = 56DB089921381A67005C0578 /* GitHubApp */;
			targetProxy = 56DB08AF21381A6E005C0578 /* PBXContainerItemProxy */;
		};
		56DB08BB21381A6E005C0578 /* PBXTargetDependency */ = {
			isa = PBXTargetDependency;
			target = 56DB089921381A67005C0578 /* GitHubApp */;
			targetProxy = 56DB08BA21381A6E005C0578 /* PBXContainerItemProxy */;
		};
/* End PBXTargetDependency section */

/* Begin PBXVariantGroup section */
		56DB08A121381A67005C0578 /* Main.storyboard */ = {
			isa = PBXVariantGroup;
			children = (
				56DB08A221381A67005C0578 /* Base */,
			);
			name = Main.storyboard;
			sourceTree = "<group>";
		};
		56DB08A621381A6E005C0578 /* LaunchScreen.storyboard */ = {
			isa = PBXVariantGroup;
			children = (
				56DB08A721381A6E005C0578 /* Base */,
			);
			name = LaunchScreen.storyboard;
			sourceTree = "<group>";
		};
/* End PBXVariantGroup section */

/* Begin XCBuildConfiguration section */
		56DB08C021381A6E005C0578 /* Debug */ = {
			isa = XCBuildConfiguration;
			buildSettings = {
				ALWAYS_SEARCH_USER_PATHS = NO;
				CLANG_ANALYZER_NONNULL = YES;
				CLANG_ANALYZER_NUMBER_OBJECT_CONVERSION = YES_AGGRESSIVE;
				CLANG_CXX_LANGUAGE_STANDARD = "gnu++14";
				CLANG_CXX_LIBRARY = "libc++";
				CLANG_ENABLE_MODULES = YES;
				CLANG_ENABLE_OBJC_ARC = YES;
				CLANG_ENABLE_OBJC_WEAK = YES;
				CLANG_WARN_BLOCK_CAPTURE_AUTORELEASING = YES;
				CLANG_WARN_BOOL_CONVERSION = YES;
				CLANG_WARN_COMMA = YES;
				CLANG_WARN_CONSTANT_CONVERSION = YES;
				CLANG_WARN_DEPRECATED_OBJC_IMPLEMENTATIONS = YES;
				CLANG_WARN_DIRECT_OBJC_ISA_USAGE = YES_ERROR;
				CLANG_WARN_DOCUMENTATION_COMMENTS = YES;
				CLANG_WARN_EMPTY_BODY = YES;
				CLANG_WARN_ENUM_CONVERSION = YES;
				CLANG_WARN_INFINITE_RECURSION = YES;
				CLANG_WARN_INT_CONVERSION = YES;
				CLANG_WARN_NON_LITERAL_NULL_CONVERSION = YES;
				CLANG_WARN_OBJC_IMPLICIT_RETAIN_SELF = YES;
				CLANG_WARN_OBJC_LITERAL_CONVERSION = YES;
				CLANG_WARN_OBJC_ROOT_CLASS = YES_ERROR;
				CLANG_WARN_RANGE_LOOP_ANALYSIS = YES;
				CLANG_WARN_STRICT_PROTOTYPES = YES;
				CLANG_WARN_SUSPICIOUS_MOVE = YES;
				CLANG_WARN_UNGUARDED_AVAILABILITY = YES_AGGRESSIVE;
				CLANG_WARN_UNREACHABLE_CODE = YES;
				CLANG_WARN__DUPLICATE_METHOD_MATCH = YES;
				CODE_SIGN_IDENTITY = "iPhone Developer";
				COPY_PHASE_STRIP = NO;
				DEBUG_INFORMATION_FORMAT = dwarf;
				ENABLE_STRICT_OBJC_MSGSEND = YES;
				ENABLE_TESTABILITY = YES;
				GCC_C_LANGUAGE_STANDARD = gnu11;
				GCC_DYNAMIC_NO_PIC = NO;
				GCC_NO_COMMON_BLOCKS = YES;
				GCC_OPTIMIZATION_LEVEL = 0;
				GCC_PREPROCESSOR_DEFINITIONS = (
					"DEBUG=1",
					"$(inherited)",
				);
				GCC_WARN_64_TO_32_BIT_CONVERSION = YES;
				GCC_WARN_ABOUT_RETURN_TYPE = YES_ERROR;
				GCC_WARN_UNDECLARED_SELECTOR = YES;
				GCC_WARN_UNINITIALIZED_AUTOS = YES_AGGRESSIVE;
				GCC_WARN_UNUSED_FUNCTION = YES;
				GCC_WARN_UNUSED_VARIABLE = YES;
				IPHONEOS_DEPLOYMENT_TARGET = 11.4;
				MTL_ENABLE_DEBUG_INFO = YES;
				ONLY_ACTIVE_ARCH = YES;
				SDKROOT = iphoneos;
				SWIFT_ACTIVE_COMPILATION_CONDITIONS = DEBUG;
				SWIFT_OPTIMIZATION_LEVEL = "-Onone";
			};
			name = Debug;
		};
		56DB08C121381A6E005C0578 /* Release */ = {
			isa = XCBuildConfiguration;
			buildSettings = {
				ALWAYS_SEARCH_USER_PATHS = NO;
				CLANG_ANALYZER_NONNULL = YES;
				CLANG_ANALYZER_NUMBER_OBJECT_CONVERSION = YES_AGGRESSIVE;
				CLANG_CXX_LANGUAGE_STANDARD = "gnu++14";
				CLANG_CXX_LIBRARY = "libc++";
				CLANG_ENABLE_MODULES = YES;
				CLANG_ENABLE_OBJC_ARC = YES;
				CLANG_ENABLE_OBJC_WEAK = YES;
				CLANG_WARN_BLOCK_CAPTURE_AUTORELEASING = YES;
				CLANG_WARN_BOOL_CONVERSION = YES;
				CLANG_WARN_COMMA = YES;
				CLANG_WARN_CONSTANT_CONVERSION = YES;
				CLANG_WARN_DEPRECATED_OBJC_IMPLEMENTATIONS = YES;
				CLANG_WARN_DIRECT_OBJC_ISA_USAGE = YES_ERROR;
				CLANG_WARN_DOCUMENTATION_COMMENTS = YES;
				CLANG_WARN_EMPTY_BODY = YES;
				CLANG_WARN_ENUM_CONVERSION = YES;
				CLANG_WARN_INFINITE_RECURSION = YES;
				CLANG_WARN_INT_CONVERSION = YES;
				CLANG_WARN_NON_LITERAL_NULL_CONVERSION = YES;
				CLANG_WARN_OBJC_IMPLICIT_RETAIN_SELF = YES;
				CLANG_WARN_OBJC_LITERAL_CONVERSION = YES;
				CLANG_WARN_OBJC_ROOT_CLASS = YES_ERROR;
				CLANG_WARN_RANGE_LOOP_ANALYSIS = YES;
				CLANG_WARN_STRICT_PROTOTYPES = YES;
				CLANG_WARN_SUSPICIOUS_MOVE = YES;
				CLANG_WARN_UNGUARDED_AVAILABILITY = YES_AGGRESSIVE;
				CLANG_WARN_UNREACHABLE_CODE = YES;
				CLANG_WARN__DUPLICATE_METHOD_MATCH = YES;
				CODE_SIGN_IDENTITY = "iPhone Developer";
				COPY_PHASE_STRIP = NO;
				DEBUG_INFORMATION_FORMAT = "dwarf-with-dsym";
				ENABLE_NS_ASSERTIONS = NO;
				ENABLE_STRICT_OBJC_MSGSEND = YES;
				GCC_C_LANGUAGE_STANDARD = gnu11;
				GCC_NO_COMMON_BLOCKS = YES;
				GCC_WARN_64_TO_32_BIT_CONVERSION = YES;
				GCC_WARN_ABOUT_RETURN_TYPE = YES_ERROR;
				GCC_WARN_UNDECLARED_SELECTOR = YES;
				GCC_WARN_UNINITIALIZED_AUTOS = YES_AGGRESSIVE;
				GCC_WARN_UNUSED_FUNCTION = YES;
				GCC_WARN_UNUSED_VARIABLE = YES;
				IPHONEOS_DEPLOYMENT_TARGET = 11.4;
				MTL_ENABLE_DEBUG_INFO = NO;
				SDKROOT = iphoneos;
				SWIFT_COMPILATION_MODE = wholemodule;
				SWIFT_OPTIMIZATION_LEVEL = "-O";
				VALIDATE_PRODUCT = YES;
			};
			name = Release;
		};
		56DB08C321381A6E005C0578 /* Debug */ = {
			isa = XCBuildConfiguration;
			buildSettings = {
				ASSETCATALOG_COMPILER_APPICON_NAME = AppIcon;
				CODE_SIGN_STYLE = Automatic;
				INFOPLIST_FILE = GitHubApp/Info.plist;
				LD_RUNPATH_SEARCH_PATHS = (
					"$(inherited)",
					"@executable_path/Frameworks",
				);
				PRODUCT_BUNDLE_IDENTIFIER = Sarah.GitHubApp;
				PRODUCT_NAME = "$(TARGET_NAME)";
				SWIFT_VERSION = 4.0;
				TARGETED_DEVICE_FAMILY = "1,2";
			};
			name = Debug;
		};
		56DB08C421381A6E005C0578 /* Release */ = {
			isa = XCBuildConfiguration;
			buildSettings = {
				ASSETCATALOG_COMPILER_APPICON_NAME = AppIcon;
				CODE_SIGN_STYLE = Automatic;
				INFOPLIST_FILE = GitHubApp/Info.plist;
				LD_RUNPATH_SEARCH_PATHS = (
					"$(inherited)",
					"@executable_path/Frameworks",
				);
				PRODUCT_BUNDLE_IDENTIFIER = Sarah.GitHubApp;
				PRODUCT_NAME = "$(TARGET_NAME)";
				SWIFT_VERSION = 4.0;
				TARGETED_DEVICE_FAMILY = "1,2";
			};
			name = Release;
		};
		56DB08C621381A6E005C0578 /* Debug */ = {
			isa = XCBuildConfiguration;
			buildSettings = {
				ALWAYS_EMBED_SWIFT_STANDARD_LIBRARIES = YES;
				BUNDLE_LOADER = "$(TEST_HOST)";
				CODE_SIGN_STYLE = Automatic;
				INFOPLIST_FILE = GitHubAppTests/Info.plist;
				LD_RUNPATH_SEARCH_PATHS = (
					"$(inherited)",
					"@executable_path/Frameworks",
					"@loader_path/Frameworks",
				);
				PRODUCT_BUNDLE_IDENTIFIER = Sarah.GitHubAppTests;
				PRODUCT_NAME = "$(TARGET_NAME)";
				SWIFT_VERSION = 4.0;
				TARGETED_DEVICE_FAMILY = "1,2";
				TEST_HOST = "$(BUILT_PRODUCTS_DIR)/GitHubApp.app/GitHubApp";
			};
			name = Debug;
		};
		56DB08C721381A6E005C0578 /* Release */ = {
			isa = XCBuildConfiguration;
			buildSettings = {
				ALWAYS_EMBED_SWIFT_STANDARD_LIBRARIES = YES;
				BUNDLE_LOADER = "$(TEST_HOST)";
				CODE_SIGN_STYLE = Automatic;
				INFOPLIST_FILE = GitHubAppTests/Info.plist;
				LD_RUNPATH_SEARCH_PATHS = (
					"$(inherited)",
					"@executable_path/Frameworks",
					"@loader_path/Frameworks",
				);
				PRODUCT_BUNDLE_IDENTIFIER = Sarah.GitHubAppTests;
				PRODUCT_NAME = "$(TARGET_NAME)";
				SWIFT_VERSION = 4.0;
				TARGETED_DEVICE_FAMILY = "1,2";
				TEST_HOST = "$(BUILT_PRODUCTS_DIR)/GitHubApp.app/GitHubApp";
			};
			name = Release;
		};
		56DB08C921381A6E005C0578 /* Debug */ = {
			isa = XCBuildConfiguration;
			buildSettings = {
				ALWAYS_EMBED_SWIFT_STANDARD_LIBRARIES = YES;
				CODE_SIGN_STYLE = Automatic;
				INFOPLIST_FILE = GitHubAppUITests/Info.plist;
				LD_RUNPATH_SEARCH_PATHS = (
					"$(inherited)",
					"@executable_path/Frameworks",
					"@loader_path/Frameworks",
				);
				PRODUCT_BUNDLE_IDENTIFIER = Sarah.GitHubAppUITests;
				PRODUCT_NAME = "$(TARGET_NAME)";
				SWIFT_VERSION = 4.0;
				TARGETED_DEVICE_FAMILY = "1,2";
				TEST_TARGET_NAME = GitHubApp;
			};
			name = Debug;
		};
		56DB08CA21381A6E005C0578 /* Release */ = {
			isa = XCBuildConfiguration;
			buildSettings = {
				ALWAYS_EMBED_SWIFT_STANDARD_LIBRARIES = YES;
				CODE_SIGN_STYLE = Automatic;
				INFOPLIST_FILE = GitHubAppUITests/Info.plist;
				LD_RUNPATH_SEARCH_PATHS = (
					"$(inherited)",
					"@executable_path/Frameworks",
					"@loader_path/Frameworks",
				);
				PRODUCT_BUNDLE_IDENTIFIER = Sarah.GitHubAppUITests;
				PRODUCT_NAME = "$(TARGET_NAME)";
				SWIFT_VERSION = 4.0;
				TARGETED_DEVICE_FAMILY = "1,2";
				TEST_TARGET_NAME = GitHubApp;
			};
			name = Release;
		};
/* End XCBuildConfiguration section */

/* Begin XCConfigurationList section */
		56DB089521381A67005C0578 /* Build configuration list for PBXProject "GitHubApp" */ = {
			isa = XCConfigurationList;
			buildConfigurations = (
				56DB08C021381A6E005C0578 /* Debug */,
				56DB08C121381A6E005C0578 /* Release */,
			);
			defaultConfigurationIsVisible = 0;
			defaultConfigurationName = Release;
		};
		56DB08C221381A6E005C0578 /* Build configuration list for PBXNativeTarget "GitHubApp" */ = {
			isa = XCConfigurationList;
			buildConfigurations = (
				56DB08C321381A6E005C0578 /* Debug */,
				56DB08C421381A6E005C0578 /* Release */,
			);
			defaultConfigurationIsVisible = 0;
			defaultConfigurationName = Release;
		};
		56DB08C521381A6E005C0578 /* Build configuration list for PBXNativeTarget "GitHubAppTests" */ = {
			isa = XCConfigurationList;
			buildConfigurations = (
				56DB08C621381A6E005C0578 /* Debug */,
				56DB08C721381A6E005C0578 /* Release */,
			);
			defaultConfigurationIsVisible = 0;
			defaultConfigurationName = Release;
		};
		56DB08C821381A6E005C0578 /* Build configuration list for PBXNativeTarget "GitHubAppUITests" */ = {
			isa = XCConfigurationList;
			buildConfigurations = (
				56DB08C921381A6E005C0578 /* Debug */,
				56DB08CA21381A6E005C0578 /* Release */,
			);
			defaultConfigurationIsVisible = 0;
			defaultConfigurationName = Release;
		};
/* End XCConfigurationList section */
	};
	rootObject = 56DB089221381A67005C0578 /* Project object */;
}
